
Microsoft Visual Studio Solution File, Format Version 12.00
# Visual Studio Version 16
VisualStudioVersion = 16.0.30320.27
MinimumVisualStudioVersion = 10.0.40219.1
Project("{FAE04EC0-301F-11D3-BF4B-00C04F79EFBC}") = "NUnitTestProject1", "NUnitTestProject1\NUnitTestProject1.csproj", "{9EEA39CE-27E5-4347-9971-A4E8DF1D279E}"
EndProject
Project("{FAE04EC0-301F-11D3-BF4B-00C04F79EFBC}") = "ConsoleApp1", "ConsoleApp1\ConsoleApp1.csproj", "{78D1057A-C534-44F8-910D-EF19AADCA927}"
EndProject
Global
	GlobalSection(SolutionConfigurationPlatforms) = preSolution
		Debug|Any CPU = Debug|Any CPU
		Release|Any CPU = Release|Any CPU
	EndGlobalSection
	GlobalSection(ProjectConfigurationPlatforms) = postSolution
		{9EEA39CE-27E5-4347-9971-A4E8DF1D279E}.Debug|Any CPU.ActiveCfg = Debug|Any CPU
		{9EEA39CE-27E5-4347-9971-A4E8DF1D279E}.Debug|Any CPU.Build.0 = Debug|Any CPU
		{9EEA39CE-27E5-4347-9971-A4E8DF1D279E}.Release|Any CPU.ActiveCfg = Release|Any CPU
		{9EEA39CE-27E5-4347-9971-A4E8DF1D279E}.Release|Any CPU.Build.0 = Release|Any CPU
		{78D1057A-C534-44F8-910D-EF19AADCA927}.Debug|Any CPU.ActiveCfg = Debug|Any CPU
		{78D1057A-C534-44F8-910D-EF19AADCA927}.Debug|Any CPU.Build.0 = Debug|Any CPU
		{78D1057A-C534-44F8-910D-EF19AADCA927}.Release|Any CPU.ActiveCfg = Release|Any CPU
		{78D1057A-C534-44F8-910D-EF19AADCA927}.Release|Any CPU.Build.0 = Release|Any CPU
	EndGlobalSection
	GlobalSection(SolutionProperties) = preSolution
		HideSolutionNode = FALSE
	EndGlobalSection
	GlobalSection(ExtensibilityGlobals) = postSolution
		SolutionGuid = {69EED14D-C4C8-4731-A720-00A5BE6B7D1F}
	EndGlobalSection
EndGlobal
